
Microsoft Visual Studio Solution File, Format Version 12.00
# Visual Studio Version 17
VisualStudioVersion = 17.8.34330.188
MinimumVisualStudioVersion = 10.0.40219.1
Project("{FAE04EC0-301F-11D3-BF4B-00C04F79EFBC}") = "Staffanstorps-Trafikskola", "Staffanstorps-Trafikskola\Staffanstorps-Trafikskola.csproj", "{55293BFD-D802-4EE0-9716-CED6EB786AD5}"
EndProject
Global
	GlobalSection(SolutionConfigurationPlatforms) = preSolution
		Debug|Any CPU = Debug|Any CPU
		Release|Any CPU = Release|Any CPU
	EndGlobalSection
	GlobalSection(ProjectConfigurationPlatforms) = postSolution
		{55293BFD-D802-4EE0-9716-CED6EB786AD5}.Debug|Any CPU.ActiveCfg = Debug|Any CPU
		{55293BFD-D802-4EE0-9716-CED6EB786AD5}.Debug|Any CPU.Build.0 = Debug|Any CPU
		{55293BFD-D802-4EE0-9716-CED6EB786AD5}.Release|Any CPU.ActiveCfg = Release|Any CPU
		{55293BFD-D802-4EE0-9716-CED6EB786AD5}.Release|Any CPU.Build.0 = Release|Any CPU
	EndGlobalSection
	GlobalSection(SolutionProperties) = preSolution
		HideSolutionNode = FALSE
	EndGlobalSection
	GlobalSection(ExtensibilityGlobals) = postSolution
		SolutionGuid = {F55FD714-CB3A-4D8E-924D-CFCE99C595AA}
	EndGlobalSection
EndGlobal
